// !$*UTF8*$!
{
	archiveVersion = 1;
	classes = {
	};
	objectVersion = 46;
	objects = {

/* Begin PBXBuildFile section */
		847D40381B8E70F200FC8C99 /* AppDelegate.swift in Sources */ = {isa = PBXBuildFile; fileRef = 847D40371B8E70F200FC8C99 /* AppDelegate.swift */; };
		847D403D1B8E70F200FC8C99 /* Main.storyboard in Resources */ = {isa = PBXBuildFile; fileRef = 847D403B1B8E70F200FC8C99 /* Main.storyboard */; };
		847D403F1B8E70F200FC8C99 /* Images.xcassets in Resources */ = {isa = PBXBuildFile; fileRef = 847D403E1B8E70F200FC8C99 /* Images.xcassets */; };
		847D40421B8E70F200FC8C99 /* LaunchScreen.xib in Resources */ = {isa = PBXBuildFile; fileRef = 847D40401B8E70F200FC8C99 /* LaunchScreen.xib */; };
		847D404E1B8E70F200FC8C99 /* instagrahamTests.swift in Sources */ = {isa = PBXBuildFile; fileRef = 847D404D1B8E70F200FC8C99 /* instagrahamTests.swift */; };
/* End PBXBuildFile section */

/* Begin PBXContainerItemProxy section */
		847D40481B8E70F200FC8C99 /* PBXContainerItemProxy */ = {
			isa = PBXContainerItemProxy;
			containerPortal = 847D402A1B8E70F200FC8C99 /* Project object */;
			proxyType = 1;
			remoteGlobalIDString = 847D40311B8E70F200FC8C99;
			remoteInfo = instagraham;
		};
/* End PBXContainerItemProxy section */

/* Begin PBXFileReference section */
		847D40321B8E70F200FC8C99 /* instagraham.app */ = {isa = PBXFileReference; explicitFileType = wrapper.application; includeInIndex = 0; path = instagraham.app; sourceTree = BUILT_PRODUCTS_DIR; };
		847D40361B8E70F200FC8C99 /* Info.plist */ = {isa = PBXFileReference; lastKnownFileType = text.plist.xml; path = Info.plist; sourceTree = "<group>"; };
		847D40371B8E70F200FC8C99 /* AppDelegate.swift */ = {isa = PBXFileReference; lastKnownFileType = sourcecode.swift; path = AppDelegate.swift; sourceTree = "<group>"; };
		847D403C1B8E70F200FC8C99 /* Base */ = {isa = PBXFileReference; lastKnownFileType = file.storyboard; name = Base; path = Base.lproj/Main.storyboard; sourceTree = "<group>"; };
		847D403E1B8E70F200FC8C99 /* Images.xcassets */ = {isa = PBXFileReference; lastKnownFileType = folder.assetcatalog; path = Images.xcassets; sourceTree = "<group>"; };
		847D40411B8E70F200FC8C99 /* Base */ = {isa = PBXFileReference; lastKnownFileType = file.xib; name = Base; path = Base.lproj/LaunchScreen.xib; sourceTree = "<group>"; };
		847D40471B8E70F200FC8C99 /* instagrahamTests.xctest */ = {isa = PBXFileReference; explicitFileType = wrapper.cfbundle; includeInIndex = 0; path = instagrahamTests.xctest; sourceTree = BUILT_PRODUCTS_DIR; };
		847D404C1B8E70F200FC8C99 /* Info.plist */ = {isa = PBXFileReference; lastKnownFileType = text.plist.xml; path = Info.plist; sourceTree = "<group>"; };
		847D404D1B8E70F200FC8C99 /* instagrahamTests.swift */ = {isa = PBXFileReference; lastKnownFileType = sourcecode.swift; path = instagrahamTests.swift; sourceTree = "<group>"; };
/* End PBXFileReference section */

/* Begin PBXFrameworksBuildPhase section */
		847D402F1B8E70F200FC8C99 /* Frameworks */ = {
			isa = PBXFrameworksBuildPhase;
			buildActionMask = 2147483647;
			files = (
			);
			runOnlyForDeploymentPostprocessing = 0;
		};
		847D40441B8E70F200FC8C99 /* Frameworks */ = {
			isa = PBXFrameworksBuildPhase;
			buildActionMask = 2147483647;
			files = (
			);
			runOnlyForDeploymentPostprocessing = 0;
		};
/* End PBXFrameworksBuildPhase section */

/* Begin PBXGroup section */
		847D40291B8E70F200FC8C99 = {
			isa = PBXGroup;
			children = (
				847D40341B8E70F200FC8C99 /* instagraham */,
				847D404A1B8E70F200FC8C99 /* instagrahamTests */,
				847D40331B8E70F200FC8C99 /* Products */,
			);
			sourceTree = "<group>";
		};
		847D40331B8E70F200FC8C99 /* Products */ = {
			isa = PBXGroup;
			children = (
				847D40321B8E70F200FC8C99 /* instagraham.app */,
				847D40471B8E70F200FC8C99 /* instagrahamTests.xctest */,
			);
			name = Products;
			sourceTree = "<group>";
		};
		847D40341B8E70F200FC8C99 /* instagraham */ = {
			isa = PBXGroup;
			children = (
				847D40371B8E70F200FC8C99 /* AppDelegate.swift */,
				847D403B1B8E70F200FC8C99 /* Main.storyboard */,
				847D403E1B8E70F200FC8C99 /* Images.xcassets */,
				847D40401B8E70F200FC8C99 /* LaunchScreen.xib */,
				847D40351B8E70F200FC8C99 /* Supporting Files */,
			);
			path = instagraham;
			sourceTree = "<group>";
		};
		847D40351B8E70F200FC8C99 /* Supporting Files */ = {
			isa = PBXGroup;
			children = (
				847D40361B8E70F200FC8C99 /* Info.plist */,
			);
			name = "Supporting Files";
			sourceTree = "<group>";
		};
		847D404A1B8E70F200FC8C99 /* instagrahamTests */ = {
			isa = PBXGroup;
			children = (
				847D404D1B8E70F200FC8C99 /* instagrahamTests.swift */,
				847D404B1B8E70F200FC8C99 /* Supporting Files */,
			);
			path = instagrahamTests;
			sourceTree = "<group>";
		};
		847D404B1B8E70F200FC8C99 /* Supporting Files */ = {
			isa = PBXGroup;
			children = (
				847D404C1B8E70F200FC8C99 /* Info.plist */,
			);
			name = "Supporting Files";
			sourceTree = "<group>";
		};
/* End PBXGroup section */

/* Begin PBXNativeTarget section */
		847D40311B8E70F200FC8C99 /* instagraham */ = {
			isa = PBXNativeTarget;
			buildConfigurationList = 847D40511B8E70F200FC8C99 /* Build configuration list for PBXNativeTarget "instagraham" */;
			buildPhases = (
				847D402E1B8E70F200FC8C99 /* Sources */,
				847D402F1B8E70F200FC8C99 /* Frameworks */,
				847D40301B8E70F200FC8C99 /* Resources */,
			);
			buildRules = (
			);
			dependencies = (
			);
			name = instagraham;
			productName = instagraham;
			productReference = 847D40321B8E70F200FC8C99 /* instagraham.app */;
			productType = "com.apple.product-type.application";
		};
		847D40461B8E70F200FC8C99 /* instagrahamTests */ = {
			isa = PBXNativeTarget;
			buildConfigurationList = 847D40541B8E70F200FC8C99 /* Build configuration list for PBXNativeTarget "instagrahamTests" */;
			buildPhases = (
				847D40431B8E70F200FC8C99 /* Sources */,
				847D40441B8E70F200FC8C99 /* Frameworks */,
				847D40451B8E70F200FC8C99 /* Resources */,
			);
			buildRules = (
			);
			dependencies = (
				847D40491B8E70F200FC8C99 /* PBXTargetDependency */,
			);
			name = instagrahamTests;
			productName = instagrahamTests;
			productReference = 847D40471B8E70F200FC8C99 /* instagrahamTests.xctest */;
			productType = "com.apple.product-type.bundle.unit-test";
		};
/* End PBXNativeTarget section */

/* Begin PBXProject section */
		847D402A1B8E70F200FC8C99 /* Project object */ = {
			isa = PBXProject;
			attributes = {
				LastUpgradeCheck = 0640;
				ORGANIZATIONNAME = "Matt Hayes";
				TargetAttributes = {
					847D40311B8E70F200FC8C99 = {
						CreatedOnToolsVersion = 6.4;
					};
					847D40461B8E70F200FC8C99 = {
						CreatedOnToolsVersion = 6.4;
						TestTargetID = 847D40311B8E70F200FC8C99;
					};
				};
			};
			buildConfigurationList = 847D402D1B8E70F200FC8C99 /* Build configuration list for PBXProject "instagraham" */;
			compatibilityVersion = "Xcode 3.2";
			developmentRegion = English;
			hasScannedForEncodings = 0;
			knownRegions = (
				en,
				Base,
			);
			mainGroup = 847D40291B8E70F200FC8C99;
			productRefGroup = 847D40331B8E70F200FC8C99 /* Products */;
			projectDirPath = "";
			projectRoot = "";
			targets = (
				847D40311B8E70F200FC8C99 /* instagraham */,
				847D40461B8E70F200FC8C99 /* instagrahamTests */,
			);
		};
/* End PBXProject section */

/* Begin PBXResourcesBuildPhase section */
		847D40301B8E70F200FC8C99 /* Resources */ = {
			isa = PBXResourcesBuildPhase;
			buildActionMask = 2147483647;
			files = (
				847D403D1B8E70F200FC8C99 /* Main.storyboard in Resources */,
				847D40421B8E70F200FC8C99 /* LaunchScreen.xib in Resources */,
				847D403F1B8E70F200FC8C99 /* Images.xcassets in Resources */,
			);
			runOnlyForDeploymentPostprocessing = 0;
		};
		847D40451B8E70F200FC8C99 /* Resources */ = {
			isa = PBXResourcesBuildPhase;
			buildActionMask = 2147483647;
			files = (
			);
			runOnlyForDeploymentPostprocessing = 0;
		};
/* End PBXResourcesBuildPhase section */

/* Begin PBXSourcesBuildPhase section */
		847D402E1B8E70F200FC8C99 /* Sources */ = {
			isa = PBXSourcesBuildPhase;
			buildActionMask = 2147483647;
			files = (
				847D40381B8E70F200FC8C99 /* AppDelegate.swift in Sources */,
			);
			runOnlyForDeploymentPostprocessing = 0;
		};
		847D40431B8E70F200FC8C99 /* Sources */ = {
			isa = PBXSourcesBuildPhase;
			buildActionMask = 2147483647;
			files = (
				847D404E1B8E70F200FC8C99 /* instagrahamTests.swift in Sources */,
			);
			runOnlyForDeploymentPostprocessing = 0;
		};
/* End PBXSourcesBuildPhase section */

/* Begin PBXTargetDependency section */
		847D40491B8E70F200FC8C99 /* PBXTargetDependency */ = {
			isa = PBXTargetDependency;
			target = 847D40311B8E70F200FC8C99 /* instagraham */;
			targetProxy = 847D40481B8E70F200FC8C99 /* PBXContainerItemProxy */;
		};
/* End PBXTargetDependency section */

/* Begin PBXVariantGroup section */
		847D403B1B8E70F200FC8C99 /* Main.storyboard */ = {
			isa = PBXVariantGroup;
			children = (
				847D403C1B8E70F200FC8C99 /* Base */,
			);
			name = Main.storyboard;
			sourceTree = "<group>";
		};
		847D40401B8E70F200FC8C99 /* LaunchScreen.xib */ = {
			isa = PBXVariantGroup;
			children = (
				847D40411B8E70F200FC8C99 /* Base */,
			);
			name = LaunchScreen.xib;
			sourceTree = "<group>";
		};
/* End PBXVariantGroup section */

/* Begin XCBuildConfiguration section */
		847D404F1B8E70F200FC8C99 /* Debug */ = {
			isa = XCBuildConfiguration;
			buildSettings = {
				ALWAYS_SEARCH_USER_PATHS = NO;
				CLANG_CXX_LANGUAGE_STANDARD = "gnu++0x";
				CLANG_CXX_LIBRARY = "libc++";
				CLANG_ENABLE_MODULES = YES;
				CLANG_ENABLE_OBJC_ARC = YES;
				CLANG_WARN_BOOL_CONVERSION = YES;
				CLANG_WARN_CONSTANT_CONVERSION = YES;
				CLANG_WARN_DIRECT_OBJC_ISA_USAGE = YES_ERROR;
				CLANG_WARN_EMPTY_BODY = YES;
				CLANG_WARN_ENUM_CONVERSION = YES;
				CLANG_WARN_INT_CONVERSION = YES;
				CLANG_WARN_OBJC_ROOT_CLASS = YES_ERROR;
				CLANG_WARN_UNREACHABLE_CODE = YES;
				CLANG_WARN__DUPLICATE_METHOD_MATCH = YES;
				"CODE_SIGN_IDENTITY[sdk=iphoneos*]" = "iPhone Developer";
				COPY_PHASE_STRIP = NO;
				DEBUG_INFORMATION_FORMAT = "dwarf-with-dsym";
				ENABLE_STRICT_OBJC_MSGSEND = YES;
				GCC_C_LANGUAGE_STANDARD = gnu99;
				GCC_DYNAMIC_NO_PIC = NO;
				GCC_NO_COMMON_BLOCKS = YES;
				GCC_OPTIMIZATION_LEVEL = 0;
				GCC_PREPROCESSOR_DEFINITIONS = (
					"DEBUG=1",
					"$(inherited)",
				);
				GCC_SYMBOLS_PRIVATE_EXTERN = NO;
				GCC_WARN_64_TO_32_BIT_CONVERSION = YES;
				GCC_WARN_ABOUT_RETURN_TYPE = YES_ERROR;
				GCC_WARN_UNDECLARED_SELECTOR = YES;
				GCC_WARN_UNINITIALIZED_AUTOS = YES_AGGRESSIVE;
				GCC_WARN_UNUSED_FUNCTION = YES;
				GCC_WARN_UNUSED_VARIABLE = YES;
				IPHONEOS_DEPLOYMENT_TARGET = 8.4;
				MTL_ENABLE_DEBUG_INFO = YES;
				ONLY_ACTIVE_ARCH = YES;
				SDKROOT = iphoneos;
				SWIFT_OPTIMIZATION_LEVEL = "-Onone";
			};
			name = Debug;
		};
		847D40501B8E70F200FC8C99 /* Release */ = {
			isa = XCBuildConfiguration;
			buildSettings = {
				ALWAYS_SEARCH_USER_PATHS = NO;
				CLANG_CXX_LANGUAGE_STANDARD = "gnu++0x";
				CLANG_CXX_LIBRARY = "libc++";
				CLANG_ENABLE_MODULES = YES;
				CLANG_ENABLE_OBJC_ARC = YES;
				CLANG_WARN_BOOL_CONVERSION = YES;
				CLANG_WARN_CONSTANT_CONVERSION = YES;
				CLANG_WARN_DIRECT_OBJC_ISA_USAGE = YES_ERROR;
				CLANG_WARN_EMPTY_BODY = YES;
				CLANG_WARN_ENUM_CONVERSION = YES;
				CLANG_WARN_INT_CONVERSION = YES;
				CLANG_WARN_OBJC_ROOT_CLASS = YES_ERROR;
				CLANG_WARN_UNREACHABLE_CODE = YES;
				CLANG_WARN__DUPLICATE_METHOD_MATCH = YES;
				"CODE_SIGN_IDENTITY[sdk=iphoneos*]" = "iPhone Developer";
				COPY_PHASE_STRIP = NO;
				DEBUG_INFORMATION_FORMAT = "dwarf-with-dsym";
				ENABLE_NS_ASSERTIONS = NO;
				ENABLE_STRICT_OBJC_MSGSEND = YES;
				GCC_C_LANGUAGE_STANDARD = gnu99;
				GCC_NO_COMMON_BLOCKS = YES;
				GCC_WARN_64_TO_32_BIT_CONVERSION = YES;
				GCC_WARN_ABOUT_RETURN_TYPE = YES_ERROR;
				GCC_WARN_UNDECLARED_SELECTOR = YES;
				GCC_WARN_UNINITIALIZED_AUTOS = YES_AGGRESSIVE;
				GCC_WARN_UNUSED_FUNCTION = YES;
				GCC_WARN_UNUSED_VARIABLE = YES;
				IPHONEOS_DEPLOYMENT_TARGET = 8.4;
				MTL_ENABLE_DEBUG_INFO = NO;
				SDKROOT = iphoneos;
				VALIDATE_PRODUCT = YES;
			};
			name = Release;
		};
		847D40521B8E70F200FC8C99 /* Debug */ = {
			isa = XCBuildConfiguration;
			buildSettings = {
				ASSETCATALOG_COMPILER_APPICON_NAME = AppIcon;
				INFOPLIST_FILE = instagraham/Info.plist;
				LD_RUNPATH_SEARCH_PATHS = "$(inherited) @executable_path/Frameworks";
				PRODUCT_NAME = "$(TARGET_NAME)";
			};
			name = Debug;
		};
		847D40531B8E70F200FC8C99 /* Release */ = {
			isa = XCBuildConfiguration;
			buildSettings = {
				ASSETCATALOG_COMPILER_APPICON_NAME = AppIcon;
				INFOPLIST_FILE = instagraham/Info.plist;
				LD_RUNPATH_SEARCH_PATHS = "$(inherited) @executable_path/Frameworks";
				PRODUCT_NAME = "$(TARGET_NAME)";
			};
			name = Release;
		};
		847D40551B8E70F200FC8C99 /* Debug */ = {
			isa = XCBuildConfiguration;
			buildSettings = {
				BUNDLE_LOADER = "$(TEST_HOST)";
				FRAMEWORK_SEARCH_PATHS = (
					"$(SDKROOT)/Developer/Library/Frameworks",
					"$(inherited)",
				);
				GCC_PREPROCESSOR_DEFINITIONS = (
					"DEBUG=1",
					"$(inherited)",
				);
				INFOPLIST_FILE = instagrahamTests/Info.plist;
				LD_RUNPATH_SEARCH_PATHS = "$(inherited) @executable_path/Frameworks @loader_path/Frameworks";
				PRODUCT_NAME = "$(TARGET_NAME)";
				TEST_HOST = "$(BUILT_PRODUCTS_DIR)/instagraham.app/instagraham";
			};
			name = Debug;
		};
		847D40561B8E70F200FC8C99 /* Release */ = {
			isa = XCBuildConfiguration;
			buildSettings = {
				BUNDLE_LOADER = "$(TEST_HOST)";
				FRAMEWORK_SEARCH_PATHS = (
					"$(SDKROOT)/Developer/Library/Frameworks",
					"$(inherited)",
				);
				INFOPLIST_FILE = instagrahamTests/Info.plist;
				LD_RUNPATH_SEARCH_PATHS = "$(inherited) @executable_path/Frameworks @loader_path/Frameworks";
				PRODUCT_NAME = "$(TARGET_NAME)";
				TEST_HOST = "$(BUILT_PRODUCTS_DIR)/instagraham.app/instagraham";
			};
			name = Release;
		};
/* End XCBuildConfiguration section */

/* Begin XCConfigurationList section */
		847D402D1B8E70F200FC8C99 /* Build configuration list for PBXProject "instagraham" */ = {
			isa = XCConfigurationList;
			buildConfigurations = (
				847D404F1B8E70F200FC8C99 /* Debug */,
				847D40501B8E70F200FC8C99 /* Release */,
			);
			defaultConfigurationIsVisible = 0;
			defaultConfigurationName = Release;
		};
		847D40511B8E70F200FC8C99 /* Build configuration list for PBXNativeTarget "instagraham" */ = {
			isa = XCConfigurationList;
			buildConfigurations = (
				847D40521B8E70F200FC8C99 /* Debug */,
				847D40531B8E70F200FC8C99 /* Release */,
			);
			defaultConfigurationIsVisible = 0;
		};
		847D40541B8E70F200FC8C99 /* Build configuration list for PBXNativeTarget "instagrahamTests" */ = {
			isa = XCConfigurationList;
			buildConfigurations = (
				847D40551B8E70F200FC8C99 /* Debug */,
				847D40561B8E70F200FC8C99 /* Release */,
			);
			defaultConfigurationIsVisible = 0;
		};
/* End XCConfigurationList section */
	};
	rootObject = 847D402A1B8E70F200FC8C99 /* Project object */;
}
